github.com/gaissmai/cidrtree v0.1.4 h1:/aYnv1LIwjtSDHNr1eNN99WJeh6vLrB+Sgr1tRMhHDc=
github.com/gaissmai/cidrtree v0.1.4/go.mod h1:nrjEeeMZmvoJpLcSvZ3qIVFxw/+9GHKi7wDHHmHKGRI=
github.com/pelletier/go-toml/v2 v2.0.9 h1:uH2qQXheeefCCkuBBSLi7jCiSmj3VRh2+Goq2N7Xxu0=
github.com/pelletier/go-toml/v2 v2.0.9/go.mod h1:tJU2Z3ZkXwnxa4DPO899bsyIoywizdUvyaeZurnPPDc=
github.com/peterbourgon/ff/v4 v4.0.0-alpha.4 h1:aiqS8aBlF9PsAKeMddMSfbwp3smONCn3UO8QfUg0Z7Y=
github.com/peterbourgon/ff/v4 v4.0.0-alpha.4/go.mod h1:H/13DK46DKXy7EaIxPhk2Y0EC8aubKm35nBjBe8AAGc=
gopkg.in/yaml.v2 v2.4.0 h1:D8xgwECY7CYvx+Y2n4sBz93Jn9JRvxdiyyo8CTfuKaY=
gopkg.in/yaml.v2 v2.4.0/go.mod h1:RDklbk79AGWmwhnvt/jBztapEOGDOx6ZbXqjP6csGnQ=
